
Microsoft Visual Studio Solution File, Format Version 12.00
# Visual Studio Version 17
VisualStudioVersion = 17.10.35122.118
MinimumVisualStudioVersion = 10.0.40219.1
Project("{9A19103F-16F7-4668-BE54-9A1E7A4F7556}") = "server", "ProjectEndToEnd\server.csproj", "{92F47C98-F789-4066-991E-6C44FC64328B}"
EndProject
Project("{9A19103F-16F7-4668-BE54-9A1E7A4F7556}") = "Dal", "Dal\Dal.csproj", "{20FCCA2C-17B3-4315-AD10-B20ECB8F8D3D}"
EndProject
Project("{9A19103F-16F7-4668-BE54-9A1E7A4F7556}") = "Bl", "Bl\Bl.csproj", "{8A55344F-ABA8-4007-8167-6D09602D82D0}"
EndProject
Global
	GlobalSection(SolutionConfigurationPlatforms) = preSolution
		Debug|Any CPU = Debug|Any CPU
		Release|Any CPU = Release|Any CPU
	EndGlobalSection
	GlobalSection(ProjectConfigurationPlatforms) = postSolution
		{92F47C98-F789-4066-991E-6C44FC64328B}.Debug|Any CPU.ActiveCfg = Debug|Any CPU
		{92F47C98-F789-4066-991E-6C44FC64328B}.Debug|Any CPU.Build.0 = Debug|Any CPU
		{92F47C98-F789-4066-991E-6C44FC64328B}.Release|Any CPU.ActiveCfg = Release|Any CPU
		{92F47C98-F789-4066-991E-6C44FC64328B}.Release|Any CPU.Build.0 = Release|Any CPU
		{20FCCA2C-17B3-4315-AD10-B20ECB8F8D3D}.Debug|Any CPU.ActiveCfg = Debug|Any CPU
		{20FCCA2C-17B3-4315-AD10-B20ECB8F8D3D}.Debug|Any CPU.Build.0 = Debug|Any CPU
		{20FCCA2C-17B3-4315-AD10-B20ECB8F8D3D}.Release|Any CPU.ActiveCfg = Release|Any CPU
		{20FCCA2C-17B3-4315-AD10-B20ECB8F8D3D}.Release|Any CPU.Build.0 = Release|Any CPU
		{8A55344F-ABA8-4007-8167-6D09602D82D0}.Debug|Any CPU.ActiveCfg = Debug|Any CPU
		{8A55344F-ABA8-4007-8167-6D09602D82D0}.Debug|Any CPU.Build.0 = Debug|Any CPU
		{8A55344F-ABA8-4007-8167-6D09602D82D0}.Release|Any CPU.ActiveCfg = Release|Any CPU
		{8A55344F-ABA8-4007-8167-6D09602D82D0}.Release|Any CPU.Build.0 = Release|Any CPU
	EndGlobalSection
	GlobalSection(SolutionProperties) = preSolution
		HideSolutionNode = FALSE
	EndGlobalSection
	GlobalSection(ExtensibilityGlobals) = postSolution
		SolutionGuid = {80D3801F-E041-4880-8BC3-BA4F25049B14}
	EndGlobalSection
EndGlobal
